
Microsoft Visual Studio Solution File, Format Version 12.00
# Visual Studio Version 17
VisualStudioVersion = 17.2.32616.157
MinimumVisualStudioVersion = 10.0.40219.1
Project("{FAE04EC0-301F-11D3-BF4B-00C04F79EFBC}") = "APIClientes", "APIClientes.csproj", "{A1F0B97A-A96E-4F27-8C60-B34284B07A79}"
EndProject
Global
	GlobalSection(SolutionConfigurationPlatforms) = preSolution
		Debug|Any CPU = Debug|Any CPU
		Release|Any CPU = Release|Any CPU
	EndGlobalSection
	GlobalSection(ProjectConfigurationPlatforms) = postSolution
		{A1F0B97A-A96E-4F27-8C60-B34284B07A79}.Debug|Any CPU.ActiveCfg = Debug|Any CPU
		{A1F0B97A-A96E-4F27-8C60-B34284B07A79}.Debug|Any CPU.Build.0 = Debug|Any CPU
		{A1F0B97A-A96E-4F27-8C60-B34284B07A79}.Release|Any CPU.ActiveCfg = Release|Any CPU
		{A1F0B97A-A96E-4F27-8C60-B34284B07A79}.Release|Any CPU.Build.0 = Release|Any CPU
	EndGlobalSection
	GlobalSection(SolutionProperties) = preSolution
		HideSolutionNode = FALSE
	EndGlobalSection
	GlobalSection(ExtensibilityGlobals) = postSolution
		SolutionGuid = {4C9D5073-DEE7-4B23-A8F8-74CD26811FF6}
	EndGlobalSection
EndGlobal
